
Microsoft Visual Studio Solution File, Format Version 12.00
# Visual Studio Version 17
VisualStudioVersion = 17.0.31903.59
MinimumVisualStudioVersion = 10.0.40219.1
Project("{2150E333-8FDC-42A3-9474-1A3956D46DE8}") = "src", "src", "{827E0CD3-B72D-47B6-A68D-7590B98EB39B}"
EndProject
Project("{2150E333-8FDC-42A3-9474-1A3956D46DE8}") = "Api", "Api", "{81034408-37C8-1011-444E-4C15C2FADA8E}"
EndProject
Project("{FAE04EC0-301F-11D3-BF4B-00C04F79EFBC}") = "TraceApp.Api", "src\Api\TraceApp.Api\TraceApp.Api.csproj", "{78A89DCA-5355-40A0-A9E6-7E014AE4A8A3}"
EndProject
Project("{2150E333-8FDC-42A3-9474-1A3956D46DE8}") = "Core", "Core", "{8D626EA8-CB54-BC41-363A-217881BEBA6E}"
EndProject
Project("{FAE04EC0-301F-11D3-BF4B-00C04F79EFBC}") = "TraceApp.Application", "src\Core\TraceApp.Application\TraceApp.Application.csproj", "{82FD1B87-81FA-4B5E-9508-25A6F7955EFF}"
EndProject
Project("{FAE04EC0-301F-11D3-BF4B-00C04F79EFBC}") = "TraceApp.Domain", "src\Core\TraceApp.Domain\TraceApp.Domain.csproj", "{A0C53F69-CBD4-4D7C-80F9-9EC71427B3B1}"
EndProject
Project("{2150E333-8FDC-42A3-9474-1A3956D46DE8}") = "Infrastructure", "Infrastructure", "{9048EB7F-3875-A59E-E36B-5BD4C6F2A282}"
EndProject
Project("{FAE04EC0-301F-11D3-BF4B-00C04F79EFBC}") = "TraceApp.Infrastructure", "src\Infrastructure\TraceApp.Infrastructure\TraceApp.Infrastructure.csproj", "{A3ED995C-1F6C-4A25-BFA7-875234EFEF41}"
EndProject
Project("{2150E333-8FDC-42A3-9474-1A3956D46DE8}") = "Solution Items", "Solution Items", "{4A7AC87A-BF79-46C0-B51C-E045A4F89632}"
	ProjectSection(SolutionItems) = preProject
		compose.yaml = compose.yaml
	EndProjectSection
EndProject
Project("{2150E333-8FDC-42A3-9474-1A3956D46DE8}") = "tests", "tests", "{0AB3BF05-4346-4AA6-1389-037BE0695223}"
EndProject
Project("{FAE04EC0-301F-11D3-BF4B-00C04F79EFBC}") = "TraceApp.Application.Tests", "tests\TraceApp.Application.Tests\TraceApp.Application.Tests.csproj", "{28D0E37C-66E2-4498-BA71-65C48E1BA7F8}"
EndProject
Project("{FAE04EC0-301F-11D3-BF4B-00C04F79EFBC}") = "TraceApp.IntegrationTests", "tests\TraceApp.IntegrationTests\TraceApp.IntegrationTests.csproj", "{33E3C02F-E61B-406E-BADB-1FEAD1C68C4F}"
EndProject
Project("{FAE04EC0-301F-11D3-BF4B-00C04F79EFBC}") = "TraceApp.ArchitectureTests", "tests\TraceApp.ArchitectureTests\TraceApp.ArchitectureTests.csproj", "{EC91B209-0FC0-45DC-A278-BBEA39222668}"
EndProject
Global
	GlobalSection(SolutionConfigurationPlatforms) = preSolution
		Debug|Any CPU = Debug|Any CPU
		Debug|x64 = Debug|x64
		Debug|x86 = Debug|x86
		Release|Any CPU = Release|Any CPU
		Release|x64 = Release|x64
		Release|x86 = Release|x86
	EndGlobalSection
	GlobalSection(ProjectConfigurationPlatforms) = postSolution
		{78A89DCA-5355-40A0-A9E6-7E014AE4A8A3}.Debug|Any CPU.ActiveCfg = Debug|Any CPU
		{78A89DCA-5355-40A0-A9E6-7E014AE4A8A3}.Debug|Any CPU.Build.0 = Debug|Any CPU
		{78A89DCA-5355-40A0-A9E6-7E014AE4A8A3}.Debug|x64.ActiveCfg = Debug|Any CPU
		{78A89DCA-5355-40A0-A9E6-7E014AE4A8A3}.Debug|x64.Build.0 = Debug|Any CPU
		{78A89DCA-5355-40A0-A9E6-7E014AE4A8A3}.Debug|x86.ActiveCfg = Debug|Any CPU
		{78A89DCA-5355-40A0-A9E6-7E014AE4A8A3}.Debug|x86.Build.0 = Debug|Any CPU
		{78A89DCA-5355-40A0-A9E6-7E014AE4A8A3}.Release|Any CPU.ActiveCfg = Release|Any CPU
		{78A89DCA-5355-40A0-A9E6-7E014AE4A8A3}.Release|Any CPU.Build.0 = Release|Any CPU
		{78A89DCA-5355-40A0-A9E6-7E014AE4A8A3}.Release|x64.ActiveCfg = Release|Any CPU
		{78A89DCA-5355-40A0-A9E6-7E014AE4A8A3}.Release|x64.Build.0 = Release|Any CPU
		{78A89DCA-5355-40A0-A9E6-7E014AE4A8A3}.Release|x86.ActiveCfg = Release|Any CPU
		{78A89DCA-5355-40A0-A9E6-7E014AE4A8A3}.Release|x86.Build.0 = Release|Any CPU
		{82FD1B87-81FA-4B5E-9508-25A6F7955EFF}.Debug|Any CPU.ActiveCfg = Debug|Any CPU
		{82FD1B87-81FA-4B5E-9508-25A6F7955EFF}.Debug|Any CPU.Build.0 = Debug|Any CPU
		{82FD1B87-81FA-4B5E-9508-25A6F7955EFF}.Debug|x64.ActiveCfg = Debug|Any CPU
		{82FD1B87-81FA-4B5E-9508-25A6F7955EFF}.Debug|x64.Build.0 = Debug|Any CPU
		{82FD1B87-81FA-4B5E-9508-25A6F7955EFF}.Debug|x86.ActiveCfg = Debug|Any CPU
		{82FD1B87-81FA-4B5E-9508-25A6F7955EFF}.Debug|x86.Build.0 = Debug|Any CPU
		{82FD1B87-81FA-4B5E-9508-25A6F7955EFF}.Release|Any CPU.ActiveCfg = Release|Any CPU
		{82FD1B87-81FA-4B5E-9508-25A6F7955EFF}.Release|Any CPU.Build.0 = Release|Any CPU
		{82FD1B87-81FA-4B5E-9508-25A6F7955EFF}.Release|x64.ActiveCfg = Release|Any CPU
		{82FD1B87-81FA-4B5E-9508-25A6F7955EFF}.Release|x64.Build.0 = Release|Any CPU
		{82FD1B87-81FA-4B5E-9508-25A6F7955EFF}.Release|x86.ActiveCfg = Release|Any CPU
		{82FD1B87-81FA-4B5E-9508-25A6F7955EFF}.Release|x86.Build.0 = Release|Any CPU
		{A0C53F69-CBD4-4D7C-80F9-9EC71427B3B1}.Debug|Any CPU.ActiveCfg = Debug|Any CPU
		{A0C53F69-CBD4-4D7C-80F9-9EC71427B3B1}.Debug|Any CPU.Build.0 = Debug|Any CPU
		{A0C53F69-CBD4-4D7C-80F9-9EC71427B3B1}.Debug|x64.ActiveCfg = Debug|Any CPU
		{A0C53F69-CBD4-4D7C-80F9-9EC71427B3B1}.Debug|x64.Build.0 = Debug|Any CPU
		{A0C53F69-CBD4-4D7C-80F9-9EC71427B3B1}.Debug|x86.ActiveCfg = Debug|Any CPU
		{A0C53F69-CBD4-4D7C-80F9-9EC71427B3B1}.Debug|x86.Build.0 = Debug|Any CPU
		{A0C53F69-CBD4-4D7C-80F9-9EC71427B3B1}.Release|Any CPU.ActiveCfg = Release|Any CPU
		{A0C53F69-CBD4-4D7C-80F9-9EC71427B3B1}.Release|Any CPU.Build.0 = Release|Any CPU
		{A0C53F69-CBD4-4D7C-80F9-9EC71427B3B1}.Release|x64.ActiveCfg = Release|Any CPU
		{A0C53F69-CBD4-4D7C-80F9-9EC71427B3B1}.Release|x64.Build.0 = Release|Any CPU
		{A0C53F69-CBD4-4D7C-80F9-9EC71427B3B1}.Release|x86.ActiveCfg = Release|Any CPU
		{A0C53F69-CBD4-4D7C-80F9-9EC71427B3B1}.Release|x86.Build.0 = Release|Any CPU
		{A3ED995C-1F6C-4A25-BFA7-875234EFEF41}.Debug|Any CPU.ActiveCfg = Debug|Any CPU
		{A3ED995C-1F6C-4A25-BFA7-875234EFEF41}.Debug|Any CPU.Build.0 = Debug|Any CPU
		{A3ED995C-1F6C-4A25-BFA7-875234EFEF41}.Debug|x64.ActiveCfg = Debug|Any CPU
		{A3ED995C-1F6C-4A25-BFA7-875234EFEF41}.Debug|x64.Build.0 = Debug|Any CPU
		{A3ED995C-1F6C-4A25-BFA7-875234EFEF41}.Debug|x86.ActiveCfg = Debug|Any CPU
		{A3ED995C-1F6C-4A25-BFA7-875234EFEF41}.Debug|x86.Build.0 = Debug|Any CPU
		{A3ED995C-1F6C-4A25-BFA7-875234EFEF41}.Release|Any CPU.ActiveCfg = Release|Any CPU
		{A3ED995C-1F6C-4A25-BFA7-875234EFEF41}.Release|Any CPU.Build.0 = Release|Any CPU
		{A3ED995C-1F6C-4A25-BFA7-875234EFEF41}.Release|x64.ActiveCfg = Release|Any CPU
		{A3ED995C-1F6C-4A25-BFA7-875234EFEF41}.Release|x64.Build.0 = Release|Any CPU
		{A3ED995C-1F6C-4A25-BFA7-875234EFEF41}.Release|x86.ActiveCfg = Release|Any CPU
		{A3ED995C-1F6C-4A25-BFA7-875234EFEF41}.Release|x86.Build.0 = Release|Any CPU
		{28D0E37C-66E2-4498-BA71-65C48E1BA7F8}.Debug|Any CPU.ActiveCfg = Debug|Any CPU
		{28D0E37C-66E2-4498-BA71-65C48E1BA7F8}.Debug|Any CPU.Build.0 = Debug|Any CPU
		{28D0E37C-66E2-4498-BA71-65C48E1BA7F8}.Debug|x64.ActiveCfg = Debug|Any CPU
		{28D0E37C-66E2-4498-BA71-65C48E1BA7F8}.Debug|x64.Build.0 = Debug|Any CPU
		{28D0E37C-66E2-4498-BA71-65C48E1BA7F8}.Debug|x86.ActiveCfg = Debug|Any CPU
		{28D0E37C-66E2-4498-BA71-65C48E1BA7F8}.Debug|x86.Build.0 = Debug|Any CPU
		{28D0E37C-66E2-4498-BA71-65C48E1BA7F8}.Release|Any CPU.ActiveCfg = Release|Any CPU
		{28D0E37C-66E2-4498-BA71-65C48E1BA7F8}.Release|Any CPU.Build.0 = Release|Any CPU
		{28D0E37C-66E2-4498-BA71-65C48E1BA7F8}.Release|x64.ActiveCfg = Release|Any CPU
		{28D0E37C-66E2-4498-BA71-65C48E1BA7F8}.Release|x64.Build.0 = Release|Any CPU
		{28D0E37C-66E2-4498-BA71-65C48E1BA7F8}.Release|x86.ActiveCfg = Release|Any CPU
		{28D0E37C-66E2-4498-BA71-65C48E1BA7F8}.Release|x86.Build.0 = Release|Any CPU
		{33E3C02F-E61B-406E-BADB-1FEAD1C68C4F}.Debug|Any CPU.ActiveCfg = Debug|Any CPU
		{33E3C02F-E61B-406E-BADB-1FEAD1C68C4F}.Debug|Any CPU.Build.0 = Debug|Any CPU
		{33E3C02F-E61B-406E-BADB-1FEAD1C68C4F}.Debug|x64.ActiveCfg = Debug|Any CPU
		{33E3C02F-E61B-406E-BADB-1FEAD1C68C4F}.Debug|x64.Build.0 = Debug|Any CPU
		{33E3C02F-E61B-406E-BADB-1FEAD1C68C4F}.Debug|x86.ActiveCfg = Debug|Any CPU
		{33E3C02F-E61B-406E-BADB-1FEAD1C68C4F}.Debug|x86.Build.0 = Debug|Any CPU
		{33E3C02F-E61B-406E-BADB-1FEAD1C68C4F}.Release|Any CPU.ActiveCfg = Release|Any CPU
		{33E3C02F-E61B-406E-BADB-1FEAD1C68C4F}.Release|Any CPU.Build.0 = Release|Any CPU
		{33E3C02F-E61B-406E-BADB-1FEAD1C68C4F}.Release|x64.ActiveCfg = Release|Any CPU
		{33E3C02F-E61B-406E-BADB-1FEAD1C68C4F}.Release|x64.Build.0 = Release|Any CPU
		{33E3C02F-E61B-406E-BADB-1FEAD1C68C4F}.Release|x86.ActiveCfg = Release|Any CPU
		{33E3C02F-E61B-406E-BADB-1FEAD1C68C4F}.Release|x86.Build.0 = Release|Any CPU
		{EC91B209-0FC0-45DC-A278-BBEA39222668}.Debug|Any CPU.ActiveCfg = Debug|Any CPU
		{EC91B209-0FC0-45DC-A278-BBEA39222668}.Debug|Any CPU.Build.0 = Debug|Any CPU
		{EC91B209-0FC0-45DC-A278-BBEA39222668}.Debug|x64.ActiveCfg = Debug|Any CPU
		{EC91B209-0FC0-45DC-A278-BBEA39222668}.Debug|x64.Build.0 = Debug|Any CPU
		{EC91B209-0FC0-45DC-A278-BBEA39222668}.Debug|x86.ActiveCfg = Debug|Any CPU
		{EC91B209-0FC0-45DC-A278-BBEA39222668}.Debug|x86.Build.0 = Debug|Any CPU
		{EC91B209-0FC0-45DC-A278-BBEA39222668}.Release|Any CPU.ActiveCfg = Release|Any CPU
		{EC91B209-0FC0-45DC-A278-BBEA39222668}.Release|Any CPU.Build.0 = Release|Any CPU
		{EC91B209-0FC0-45DC-A278-BBEA39222668}.Release|x64.ActiveCfg = Release|Any CPU
		{EC91B209-0FC0-45DC-A278-BBEA39222668}.Release|x64.Build.0 = Release|Any CPU
		{EC91B209-0FC0-45DC-A278-BBEA39222668}.Release|x86.ActiveCfg = Release|Any CPU
		{EC91B209-0FC0-45DC-A278-BBEA39222668}.Release|x86.Build.0 = Release|Any CPU
	EndGlobalSection
	GlobalSection(SolutionProperties) = preSolution
		HideSolutionNode = FALSE
	EndGlobalSection
	GlobalSection(NestedProjects) = preSolution
		{81034408-37C8-1011-444E-4C15C2FADA8E} = {827E0CD3-B72D-47B6-A68D-7590B98EB39B}
		{78A89DCA-5355-40A0-A9E6-7E014AE4A8A3} = {81034408-37C8-1011-444E-4C15C2FADA8E}
		{8D626EA8-CB54-BC41-363A-217881BEBA6E} = {827E0CD3-B72D-47B6-A68D-7590B98EB39B}
		{82FD1B87-81FA-4B5E-9508-25A6F7955EFF} = {8D626EA8-CB54-BC41-363A-217881BEBA6E}
		{A0C53F69-CBD4-4D7C-80F9-9EC71427B3B1} = {8D626EA8-CB54-BC41-363A-217881BEBA6E}
		{9048EB7F-3875-A59E-E36B-5BD4C6F2A282} = {827E0CD3-B72D-47B6-A68D-7590B98EB39B}
		{A3ED995C-1F6C-4A25-BFA7-875234EFEF41} = {9048EB7F-3875-A59E-E36B-5BD4C6F2A282}
		{28D0E37C-66E2-4498-BA71-65C48E1BA7F8} = {0AB3BF05-4346-4AA6-1389-037BE0695223}
		{33E3C02F-E61B-406E-BADB-1FEAD1C68C4F} = {0AB3BF05-4346-4AA6-1389-037BE0695223}
		{EC91B209-0FC0-45DC-A278-BBEA39222668} = {0AB3BF05-4346-4AA6-1389-037BE0695223}
	EndGlobalSection
EndGlobal
